// !$*UTF8*$!
{
	archiveVersion = 1;
	classes = {
	};
	objectVersion = 77;
	objects = {

/* Begin PBXBuildFile section */
		7F6036262D6DC225005125E9 /* Preview Assets.xcassets in Resources */ = {isa = PBXBuildFile; fileRef = 7F6036182D6DC225005125E9 /* Preview Assets.xcassets */; };
		7F6036272D6DC225005125E9 /* Assets.xcassets in Resources */ = {isa = PBXBuildFile; fileRef = 7F6036222D6DC225005125E9 /* Assets.xcassets */; };
		7F6036282D6DC225005125E9 /* Camera.swift in Sources */ = {isa = PBXBuildFile; fileRef = 7F60361A2D6DC225005125E9 /* Camera.swift */; };
		7F6036292D6DC225005125E9 /* CameraModel.swift in Sources */ = {isa = PBXBuildFile; fileRef = 7F60361C2D6DC225005125E9 /* CameraModel.swift */; };
		7F60362A2D6DC225005125E9 /* CameraView.swift in Sources */ = {isa = PBXBuildFile; fileRef = 7F60361D2D6DC225005125E9 /* CameraView.swift */; };
		7F60362B2D6DC225005125E9 /* ContentView.swift in Sources */ = {isa = PBXBuildFile; fileRef = 7F6036232D6DC225005125E9 /* ContentView.swift */; };
		7F60362C2D6DC225005125E9 /* LoopCamApp.swift in Sources */ = {isa = PBXBuildFile; fileRef = 7F6036242D6DC225005125E9 /* LoopCamApp.swift */; };
		7F60362E2D6DC24F005125E9 /* View+DebugBorder.swift in Sources */ = {isa = PBXBuildFile; fileRef = 7F60362D2D6DC24F005125E9 /* View+DebugBorder.swift */; };
		7F6036312D6EDDFD005125E9 /* RecordingTimeView.swift in Sources */ = {isa = PBXBuildFile; fileRef = 7F6036302D6EDDFD005125E9 /* RecordingTimeView.swift */; };
		7F6036382D6EE657005125E9 /* CameraUI.swift in Sources */ = {isa = PBXBuildFile; fileRef = 7F6036372D6EE657005125E9 /* CameraUI.swift */; };
		7F60363A2D6F51B7005125E9 /* RecordButton.swift in Sources */ = {isa = PBXBuildFile; fileRef = 7F6036392D6F51B7005125E9 /* RecordButton.swift */; };
		7F60363C2D6F5ED4005125E9 /* ThumbnailButton.swift in Sources */ = {isa = PBXBuildFile; fileRef = 7F60363B2D6F5ED4005125E9 /* ThumbnailButton.swift */; };
		7F60363E2D6F6172005125E9 /* SwitchCameraButton.swift in Sources */ = {isa = PBXBuildFile; fileRef = 7F60363D2D6F6172005125E9 /* SwitchCameraButton.swift */; };
		7F6036472D717229005125E9 /* DisplayResolutionAndHertzButton.swift in Sources */ = {isa = PBXBuildFile; fileRef = 7F6036462D717229005125E9 /* DisplayResolutionAndHertzButton.swift */; };
		7F6036492D718212005125E9 /* RecordingStatusView.swift in Sources */ = {isa = PBXBuildFile; fileRef = 7F6036482D718212005125E9 /* RecordingStatusView.swift */; };
/* End PBXBuildFile section */

/* Begin PBXContainerItemProxy section */
		7F6035F12D6C40D3005125E9 /* PBXContainerItemProxy */ = {
			isa = PBXContainerItemProxy;
			containerPortal = 7F6035D82D6C40D2005125E9 /* Project object */;
			proxyType = 1;
			remoteGlobalIDString = 7F6035DF2D6C40D2005125E9;
			remoteInfo = LoopCam;
		};
		7F6035FB2D6C40D3005125E9 /* PBXContainerItemProxy */ = {
			isa = PBXContainerItemProxy;
			containerPortal = 7F6035D82D6C40D2005125E9 /* Project object */;
			proxyType = 1;
			remoteGlobalIDString = 7F6035DF2D6C40D2005125E9;
			remoteInfo = LoopCam;
		};
/* End PBXContainerItemProxy section */

/* Begin PBXFileReference section */
		7F6035E02D6C40D2005125E9 /* LoopCam.app */ = {isa = PBXFileReference; explicitFileType = wrapper.application; includeInIndex = 0; path = LoopCam.app; sourceTree = BUILT_PRODUCTS_DIR; };
		7F6035F02D6C40D3005125E9 /* LoopCamTests.xctest */ = {isa = PBXFileReference; explicitFileType = wrapper.cfbundle; includeInIndex = 0; path = LoopCamTests.xctest; sourceTree = BUILT_PRODUCTS_DIR; };
		7F6035FA2D6C40D3005125E9 /* LoopCamUITests.xctest */ = {isa = PBXFileReference; explicitFileType = wrapper.cfbundle; includeInIndex = 0; path = LoopCamUITests.xctest; sourceTree = BUILT_PRODUCTS_DIR; };
		7F6036182D6DC225005125E9 /* Preview Assets.xcassets */ = {isa = PBXFileReference; lastKnownFileType = folder.assetcatalog; path = "Preview Assets.xcassets"; sourceTree = "<group>"; };
		7F60361A2D6DC225005125E9 /* Camera.swift */ = {isa = PBXFileReference; lastKnownFileType = sourcecode.swift; path = Camera.swift; sourceTree = "<group>"; };
		7F60361C2D6DC225005125E9 /* CameraModel.swift */ = {isa = PBXFileReference; lastKnownFileType = sourcecode.swift; path = CameraModel.swift; sourceTree = "<group>"; };
		7F60361D2D6DC225005125E9 /* CameraView.swift */ = {isa = PBXFileReference; lastKnownFileType = sourcecode.swift; path = CameraView.swift; sourceTree = "<group>"; };
		7F6036222D6DC225005125E9 /* Assets.xcassets */ = {isa = PBXFileReference; lastKnownFileType = folder.assetcatalog; path = Assets.xcassets; sourceTree = "<group>"; };
		7F6036232D6DC225005125E9 /* ContentView.swift */ = {isa = PBXFileReference; lastKnownFileType = sourcecode.swift; path = ContentView.swift; sourceTree = "<group>"; };
		7F6036242D6DC225005125E9 /* LoopCamApp.swift */ = {isa = PBXFileReference; lastKnownFileType = sourcecode.swift; path = LoopCamApp.swift; sourceTree = "<group>"; };
		7F60362D2D6DC24F005125E9 /* View+DebugBorder.swift */ = {isa = PBXFileReference; lastKnownFileType = sourcecode.swift; path = "View+DebugBorder.swift"; sourceTree = "<group>"; };
		7F6036302D6EDDFD005125E9 /* RecordingTimeView.swift */ = {isa = PBXFileReference; lastKnownFileType = sourcecode.swift; path = RecordingTimeView.swift; sourceTree = "<group>"; };
		7F6036372D6EE657005125E9 /* CameraUI.swift */ = {isa = PBXFileReference; lastKnownFileType = sourcecode.swift; path = CameraUI.swift; sourceTree = "<group>"; };
		7F6036392D6F51B7005125E9 /* RecordButton.swift */ = {isa = PBXFileReference; lastKnownFileType = sourcecode.swift; path = RecordButton.swift; sourceTree = "<group>"; };
		7F60363B2D6F5ED4005125E9 /* ThumbnailButton.swift */ = {isa = PBXFileReference; lastKnownFileType = sourcecode.swift; path = ThumbnailButton.swift; sourceTree = "<group>"; };
		7F60363D2D6F6172005125E9 /* SwitchCameraButton.swift */ = {isa = PBXFileReference; lastKnownFileType = sourcecode.swift; path = SwitchCameraButton.swift; sourceTree = "<group>"; };
		7F6036462D717229005125E9 /* DisplayResolutionAndHertzButton.swift */ = {isa = PBXFileReference; lastKnownFileType = sourcecode.swift; path = DisplayResolutionAndHertzButton.swift; sourceTree = "<group>"; };
		7F6036482D718212005125E9 /* RecordingStatusView.swift */ = {isa = PBXFileReference; lastKnownFileType = sourcecode.swift; path = RecordingStatusView.swift; sourceTree = "<group>"; };
/* End PBXFileReference section */

/* Begin PBXFileSystemSynchronizedRootGroup section */
		7F6035F32D6C40D3005125E9 /* LoopCamTests */ = {
			isa = PBXFileSystemSynchronizedRootGroup;
			path = LoopCamTests;
			sourceTree = "<group>";
		};
		7F6035FD2D6C40D3005125E9 /* LoopCamUITests */ = {
			isa = PBXFileSystemSynchronizedRootGroup;
			path = LoopCamUITests;
			sourceTree = "<group>";
		};
		7F6036322D6EE046005125E9 /* Extensions */ = {
			isa = PBXFileSystemSynchronizedRootGroup;
			path = Extensions;
			sourceTree = "<group>";
		};
/* End PBXFileSystemSynchronizedRootGroup section */

/* Begin PBXFrameworksBuildPhase section */
		7F6035DD2D6C40D2005125E9 /* Frameworks */ = {
			isa = PBXFrameworksBuildPhase;
			buildActionMask = 2147483647;
			files = (
			);
			runOnlyForDeploymentPostprocessing = 0;
		};
		7F6035ED2D6C40D3005125E9 /* Frameworks */ = {
			isa = PBXFrameworksBuildPhase;
			buildActionMask = 2147483647;
			files = (
			);
			runOnlyForDeploymentPostprocessing = 0;
		};
		7F6035F72D6C40D3005125E9 /* Frameworks */ = {
			isa = PBXFrameworksBuildPhase;
			buildActionMask = 2147483647;
			files = (
			);
			runOnlyForDeploymentPostprocessing = 0;
		};
/* End PBXFrameworksBuildPhase section */

/* Begin PBXGroup section */
		7F6035D72D6C40D2005125E9 = {
			isa = PBXGroup;
			children = (
				7F6036252D6DC225005125E9 /* LoopCam */,
				7F6035F32D6C40D3005125E9 /* LoopCamTests */,
				7F6035FD2D6C40D3005125E9 /* LoopCamUITests */,
				7F6035E12D6C40D2005125E9 /* Products */,
			);
			sourceTree = "<group>";
		};
		7F6035E12D6C40D2005125E9 /* Products */ = {
			isa = PBXGroup;
			children = (
				7F6035E02D6C40D2005125E9 /* LoopCam.app */,
				7F6035F02D6C40D3005125E9 /* LoopCamTests.xctest */,
				7F6035FA2D6C40D3005125E9 /* LoopCamUITests.xctest */,
			);
			name = Products;
			sourceTree = "<group>";
		};
		7F6036192D6DC225005125E9 /* Preview Content */ = {
			isa = PBXGroup;
			children = (
				7F6036182D6DC225005125E9 /* Preview Assets.xcassets */,
			);
			path = "Preview Content";
			sourceTree = "<group>";
		};
		7F60361B2D6DC225005125E9 /* Camera */ = {
			isa = PBXGroup;
			children = (
				7F60361A2D6DC225005125E9 /* Camera.swift */,
			);
			path = Camera;
			sourceTree = "<group>";
		};
		7F60361E2D6DC225005125E9 /* Camera */ = {
			isa = PBXGroup;
			children = (
				7F60362F2D6EDDE7005125E9 /* Views */,
				7F60361C2D6DC225005125E9 /* CameraModel.swift */,
			);
			path = Camera;
			sourceTree = "<group>";
		};
		7F60361F2D6DC225005125E9 /* View+Extensions */ = {
			isa = PBXGroup;
			children = (
				7F60362D2D6DC24F005125E9 /* View+DebugBorder.swift */,
			);
			path = "View+Extensions";
			sourceTree = "<group>";
		};
		7F6036202D6DC225005125E9 /* Scenes */ = {
			isa = PBXGroup;
			children = (
				7F60361F2D6DC225005125E9 /* View+Extensions */,
				7F60361E2D6DC225005125E9 /* Camera */,
			);
			path = Scenes;
			sourceTree = "<group>";
		};
		7F6036212D6DC225005125E9 /* Sources */ = {
			isa = PBXGroup;
			children = (
				7F6036322D6EE046005125E9 /* Extensions */,
				7F60361B2D6DC225005125E9 /* Camera */,
				7F6036202D6DC225005125E9 /* Scenes */,
			);
			path = Sources;
			sourceTree = "<group>";
		};
		7F6036252D6DC225005125E9 /* LoopCam */ = {
			isa = PBXGroup;
			children = (
				7F6036192D6DC225005125E9 /* Preview Content */,
				7F6036212D6DC225005125E9 /* Sources */,
				7F6036222D6DC225005125E9 /* Assets.xcassets */,
				7F6036232D6DC225005125E9 /* ContentView.swift */,
				7F6036242D6DC225005125E9 /* LoopCamApp.swift */,
			);
			path = LoopCam;
			sourceTree = "<group>";
		};
		7F60362F2D6EDDE7005125E9 /* Views */ = {
			isa = PBXGroup;
			children = (
				7F60361D2D6DC225005125E9 /* CameraView.swift */,
				7F6036302D6EDDFD005125E9 /* RecordingTimeView.swift */,
				7F6036372D6EE657005125E9 /* CameraUI.swift */,
				7F6036392D6F51B7005125E9 /* RecordButton.swift */,
				7F60363B2D6F5ED4005125E9 /* ThumbnailButton.swift */,
				7F60363D2D6F6172005125E9 /* SwitchCameraButton.swift */,
				7F6036462D717229005125E9 /* DisplayResolutionAndHertzButton.swift */,
				7F6036482D718212005125E9 /* RecordingStatusView.swift */,
			);
			path = Views;
			sourceTree = "<group>";
		};
/* End PBXGroup section */

/* Begin PBXNativeTarget section */
		7F6035DF2D6C40D2005125E9 /* LoopCam */ = {
			isa = PBXNativeTarget;
			buildConfigurationList = 7F6036042D6C40D3005125E9 /* Build configuration list for PBXNativeTarget "LoopCam" */;
			buildPhases = (
				7F6035DC2D6C40D2005125E9 /* Sources */,
				7F6035DD2D6C40D2005125E9 /* Frameworks */,
				7F6035DE2D6C40D2005125E9 /* Resources */,
			);
			buildRules = (
			);
			dependencies = (
			);
			fileSystemSynchronizedGroups = (
				7F6036322D6EE046005125E9 /* Extensions */,
			);
			name = LoopCam;
			packageProductDependencies = (
			);
			productName = LoopCam;
			productReference = 7F6035E02D6C40D2005125E9 /* LoopCam.app */;
			productType = "com.apple.product-type.application";
		};
		7F6035EF2D6C40D3005125E9 /* LoopCamTests */ = {
			isa = PBXNativeTarget;
			buildConfigurationList = 7F6036072D6C40D3005125E9 /* Build configuration list for PBXNativeTarget "LoopCamTests" */;
			buildPhases = (
				7F6035EC2D6C40D3005125E9 /* Sources */,
				7F6035ED2D6C40D3005125E9 /* Frameworks */,
				7F6035EE2D6C40D3005125E9 /* Resources */,
			);
			buildRules = (
			);
			dependencies = (
				7F6035F22D6C40D3005125E9 /* PBXTargetDependency */,
			);
			fileSystemSynchronizedGroups = (
				7F6035F32D6C40D3005125E9 /* LoopCamTests */,
			);
			name = LoopCamTests;
			packageProductDependencies = (
			);
			productName = LoopCamTests;
			productReference = 7F6035F02D6C40D3005125E9 /* LoopCamTests.xctest */;
			productType = "com.apple.product-type.bundle.unit-test";
		};
		7F6035F92D6C40D3005125E9 /* LoopCamUITests */ = {
			isa = PBXNativeTarget;
			buildConfigurationList = 7F60360A2D6C40D3005125E9 /* Build configuration list for PBXNativeTarget "LoopCamUITests" */;
			buildPhases = (
				7F6035F62D6C40D3005125E9 /* Sources */,
				7F6035F72D6C40D3005125E9 /* Frameworks */,
				7F6035F82D6C40D3005125E9 /* Resources */,
			);
			buildRules = (
			);
			dependencies = (
				7F6035FC2D6C40D3005125E9 /* PBXTargetDependency */,
			);
			fileSystemSynchronizedGroups = (
				7F6035FD2D6C40D3005125E9 /* LoopCamUITests */,
			);
			name = LoopCamUITests;
			packageProductDependencies = (
			);
			productName = LoopCamUITests;
			productReference = 7F6035FA2D6C40D3005125E9 /* LoopCamUITests.xctest */;
			productType = "com.apple.product-type.bundle.ui-testing";
		};
/* End PBXNativeTarget section */

/* Begin PBXProject section */
		7F6035D82D6C40D2005125E9 /* Project object */ = {
			isa = PBXProject;
			attributes = {
				BuildIndependentTargetsInParallel = 1;
				LastSwiftUpdateCheck = 1620;
				LastUpgradeCheck = 1620;
				TargetAttributes = {
					7F6035DF2D6C40D2005125E9 = {
						CreatedOnToolsVersion = 16.2;
					};
					7F6035EF2D6C40D3005125E9 = {
						CreatedOnToolsVersion = 16.2;
						TestTargetID = 7F6035DF2D6C40D2005125E9;
					};
					7F6035F92D6C40D3005125E9 = {
						CreatedOnToolsVersion = 16.2;
						TestTargetID = 7F6035DF2D6C40D2005125E9;
					};
				};
			};
			buildConfigurationList = 7F6035DB2D6C40D2005125E9 /* Build configuration list for PBXProject "LoopCam" */;
			developmentRegion = en;
			hasScannedForEncodings = 0;
			knownRegions = (
				en,
				Base,
			);
			mainGroup = 7F6035D72D6C40D2005125E9;
			minimizedProjectReferenceProxies = 1;
			preferredProjectObjectVersion = 77;
			productRefGroup = 7F6035E12D6C40D2005125E9 /* Products */;
			projectDirPath = "";
			projectRoot = "";
			targets = (
				7F6035DF2D6C40D2005125E9 /* LoopCam */,
				7F6035EF2D6C40D3005125E9 /* LoopCamTests */,
				7F6035F92D6C40D3005125E9 /* LoopCamUITests */,
			);
		};
/* End PBXProject section */

/* Begin PBXResourcesBuildPhase section */
		7F6035DE2D6C40D2005125E9 /* Resources */ = {
			isa = PBXResourcesBuildPhase;
			buildActionMask = 2147483647;
			files = (
				7F6036262D6DC225005125E9 /* Preview Assets.xcassets in Resources */,
				7F6036272D6DC225005125E9 /* Assets.xcassets in Resources */,
			);
			runOnlyForDeploymentPostprocessing = 0;
		};
		7F6035EE2D6C40D3005125E9 /* Resources */ = {
			isa = PBXResourcesBuildPhase;
			buildActionMask = 2147483647;
			files = (
			);
			runOnlyForDeploymentPostprocessing = 0;
		};
		7F6035F82D6C40D3005125E9 /* Resources */ = {
			isa = PBXResourcesBuildPhase;
			buildActionMask = 2147483647;
			files = (
			);
			runOnlyForDeploymentPostprocessing = 0;
		};
/* End PBXResourcesBuildPhase section */

/* Begin PBXSourcesBuildPhase section */
		7F6035DC2D6C40D2005125E9 /* Sources */ = {
			isa = PBXSourcesBuildPhase;
			buildActionMask = 2147483647;
			files = (
				7F6036492D718212005125E9 /* RecordingStatusView.swift in Sources */,
				7F60362E2D6DC24F005125E9 /* View+DebugBorder.swift in Sources */,
				7F6036282D6DC225005125E9 /* Camera.swift in Sources */,
				7F6036472D717229005125E9 /* DisplayResolutionAndHertzButton.swift in Sources */,
				7F6036292D6DC225005125E9 /* CameraModel.swift in Sources */,
				7F60362A2D6DC225005125E9 /* CameraView.swift in Sources */,
				7F60363A2D6F51B7005125E9 /* RecordButton.swift in Sources */,
				7F60362B2D6DC225005125E9 /* ContentView.swift in Sources */,
				7F6036312D6EDDFD005125E9 /* RecordingTimeView.swift in Sources */,
				7F60362C2D6DC225005125E9 /* LoopCamApp.swift in Sources */,
				7F6036382D6EE657005125E9 /* CameraUI.swift in Sources */,
				7F60363E2D6F6172005125E9 /* SwitchCameraButton.swift in Sources */,
				7F60363C2D6F5ED4005125E9 /* ThumbnailButton.swift in Sources */,
			);
			runOnlyForDeploymentPostprocessing = 0;
		};
		7F6035EC2D6C40D3005125E9 /* Sources */ = {
			isa = PBXSourcesBuildPhase;
			buildActionMask = 2147483647;
			files = (
			);
			runOnlyForDeploymentPostprocessing = 0;
		};
		7F6035F62D6C40D3005125E9 /* Sources */ = {
			isa = PBXSourcesBuildPhase;
			buildActionMask = 2147483647;
			files = (
			);
			runOnlyForDeploymentPostprocessing = 0;
		};
/* End PBXSourcesBuildPhase section */

/* Begin PBXTargetDependency section */
		7F6035F22D6C40D3005125E9 /* PBXTargetDependency */ = {
			isa = PBXTargetDependency;
			target = 7F6035DF2D6C40D2005125E9 /* LoopCam */;
			targetProxy = 7F6035F12D6C40D3005125E9 /* PBXContainerItemProxy */;
		};
		7F6035FC2D6C40D3005125E9 /* PBXTargetDependency */ = {
			isa = PBXTargetDependency;
			target = 7F6035DF2D6C40D2005125E9 /* LoopCam */;
			targetProxy = 7F6035FB2D6C40D3005125E9 /* PBXContainerItemProxy */;
		};
/* End PBXTargetDependency section */

/* Begin XCBuildConfiguration section */
		7F6036022D6C40D3005125E9 /* Debug */ = {
			isa = XCBuildConfiguration;
			buildSettings = {
				ALWAYS_SEARCH_USER_PATHS = NO;
				ASSETCATALOG_COMPILER_GENERATE_SWIFT_ASSET_SYMBOL_EXTENSIONS = YES;
				CLANG_ANALYZER_NONNULL = YES;
				CLANG_ANALYZER_NUMBER_OBJECT_CONVERSION = YES_AGGRESSIVE;
				CLANG_CXX_LANGUAGE_STANDARD = "gnu++20";
				CLANG_ENABLE_MODULES = YES;
				CLANG_ENABLE_OBJC_ARC = YES;
				CLANG_ENABLE_OBJC_WEAK = YES;
				CLANG_WARN_BLOCK_CAPTURE_AUTORELEASING = YES;
				CLANG_WARN_BOOL_CONVERSION = YES;
				CLANG_WARN_COMMA = YES;
				CLANG_WARN_CONSTANT_CONVERSION = YES;
				CLANG_WARN_DEPRECATED_OBJC_IMPLEMENTATIONS = YES;
				CLANG_WARN_DIRECT_OBJC_ISA_USAGE = YES_ERROR;
				CLANG_WARN_DOCUMENTATION_COMMENTS = YES;
				CLANG_WARN_EMPTY_BODY = YES;
				CLANG_WARN_ENUM_CONVERSION = YES;
				CLANG_WARN_INFINITE_RECURSION = YES;
				CLANG_WARN_INT_CONVERSION = YES;
				CLANG_WARN_NON_LITERAL_NULL_CONVERSION = YES;
				CLANG_WARN_OBJC_IMPLICIT_RETAIN_SELF = YES;
				CLANG_WARN_OBJC_LITERAL_CONVERSION = YES;
				CLANG_WARN_OBJC_ROOT_CLASS = YES_ERROR;
				CLANG_WARN_QUOTED_INCLUDE_IN_FRAMEWORK_HEADER = YES;
				CLANG_WARN_RANGE_LOOP_ANALYSIS = YES;
				CLANG_WARN_STRICT_PROTOTYPES = YES;
				CLANG_WARN_SUSPICIOUS_MOVE = YES;
				CLANG_WARN_UNGUARDED_AVAILABILITY = YES_AGGRESSIVE;
				CLANG_WARN_UNREACHABLE_CODE = YES;
				CLANG_WARN__DUPLICATE_METHOD_MATCH = YES;
				COPY_PHASE_STRIP = NO;
				DEBUG_INFORMATION_FORMAT = dwarf;
				ENABLE_STRICT_OBJC_MSGSEND = YES;
				ENABLE_TESTABILITY = YES;
				ENABLE_USER_SCRIPT_SANDBOXING = YES;
				GCC_C_LANGUAGE_STANDARD = gnu17;
				GCC_DYNAMIC_NO_PIC = NO;
				GCC_NO_COMMON_BLOCKS = YES;
				GCC_OPTIMIZATION_LEVEL = 0;
				GCC_PREPROCESSOR_DEFINITIONS = (
					"DEBUG=1",
					"$(inherited)",
				);
				GCC_WARN_64_TO_32_BIT_CONVERSION = YES;
				GCC_WARN_ABOUT_RETURN_TYPE = YES_ERROR;
				GCC_WARN_UNDECLARED_SELECTOR = YES;
				GCC_WARN_UNINITIALIZED_AUTOS = YES_AGGRESSIVE;
				GCC_WARN_UNUSED_FUNCTION = YES;
				GCC_WARN_UNUSED_VARIABLE = YES;
				IPHONEOS_DEPLOYMENT_TARGET = 18.2;
				LOCALIZATION_PREFERS_STRING_CATALOGS = YES;
				MTL_ENABLE_DEBUG_INFO = INCLUDE_SOURCE;
				MTL_FAST_MATH = YES;
				ONLY_ACTIVE_ARCH = YES;
				SDKROOT = iphoneos;
				SWIFT_ACTIVE_COMPILATION_CONDITIONS = "DEBUG $(inherited)";
				SWIFT_OPTIMIZATION_LEVEL = "-Onone";
			};
			name = Debug;
		};
		7F6036032D6C40D3005125E9 /* Release */ = {
			isa = XCBuildConfiguration;
			buildSettings = {
				ALWAYS_SEARCH_USER_PATHS = NO;
				ASSETCATALOG_COMPILER_GENERATE_SWIFT_ASSET_SYMBOL_EXTENSIONS = YES;
				CLANG_ANALYZER_NONNULL = YES;
				CLANG_ANALYZER_NUMBER_OBJECT_CONVERSION = YES_AGGRESSIVE;
				CLANG_CXX_LANGUAGE_STANDARD = "gnu++20";
				CLANG_ENABLE_MODULES = YES;
				CLANG_ENABLE_OBJC_ARC = YES;
				CLANG_ENABLE_OBJC_WEAK = YES;
				CLANG_WARN_BLOCK_CAPTURE_AUTORELEASING = YES;
				CLANG_WARN_BOOL_CONVERSION = YES;
				CLANG_WARN_COMMA = YES;
				CLANG_WARN_CONSTANT_CONVERSION = YES;
				CLANG_WARN_DEPRECATED_OBJC_IMPLEMENTATIONS = YES;
				CLANG_WARN_DIRECT_OBJC_ISA_USAGE = YES_ERROR;
				CLANG_WARN_DOCUMENTATION_COMMENTS = YES;
				CLANG_WARN_EMPTY_BODY = YES;
				CLANG_WARN_ENUM_CONVERSION = YES;
				CLANG_WARN_INFINITE_RECURSION = YES;
				CLANG_WARN_INT_CONVERSION = YES;
				CLANG_WARN_NON_LITERAL_NULL_CONVERSION = YES;
				CLANG_WARN_OBJC_IMPLICIT_RETAIN_SELF = YES;
				CLANG_WARN_OBJC_LITERAL_CONVERSION = YES;
				CLANG_WARN_OBJC_ROOT_CLASS = YES_ERROR;
				CLANG_WARN_QUOTED_INCLUDE_IN_FRAMEWORK_HEADER = YES;
				CLANG_WARN_RANGE_LOOP_ANALYSIS = YES;
				CLANG_WARN_STRICT_PROTOTYPES = YES;
				CLANG_WARN_SUSPICIOUS_MOVE = YES;
				CLANG_WARN_UNGUARDED_AVAILABILITY = YES_AGGRESSIVE;
				CLANG_WARN_UNREACHABLE_CODE = YES;
				CLANG_WARN__DUPLICATE_METHOD_MATCH = YES;
				COPY_PHASE_STRIP = NO;
				DEBUG_INFORMATION_FORMAT = "dwarf-with-dsym";
				ENABLE_NS_ASSERTIONS = NO;
				ENABLE_STRICT_OBJC_MSGSEND = YES;
				ENABLE_USER_SCRIPT_SANDBOXING = YES;
				GCC_C_LANGUAGE_STANDARD = gnu17;
				GCC_NO_COMMON_BLOCKS = YES;
				GCC_WARN_64_TO_32_BIT_CONVERSION = YES;
				GCC_WARN_ABOUT_RETURN_TYPE = YES_ERROR;
				GCC_WARN_UNDECLARED_SELECTOR = YES;
				GCC_WARN_UNINITIALIZED_AUTOS = YES_AGGRESSIVE;
				GCC_WARN_UNUSED_FUNCTION = YES;
				GCC_WARN_UNUSED_VARIABLE = YES;
				IPHONEOS_DEPLOYMENT_TARGET = 18.2;
				LOCALIZATION_PREFERS_STRING_CATALOGS = YES;
				MTL_ENABLE_DEBUG_INFO = NO;
				MTL_FAST_MATH = YES;
				SDKROOT = iphoneos;
				SWIFT_COMPILATION_MODE = wholemodule;
				VALIDATE_PRODUCT = YES;
			};
			name = Release;
		};
		7F6036052D6C40D3005125E9 /* Debug */ = {
			isa = XCBuildConfiguration;
			buildSettings = {
				ASSETCATALOG_COMPILER_APPICON_NAME = AppIcon;
				ASSETCATALOG_COMPILER_GLOBAL_ACCENT_COLOR_NAME = AccentColor;
				CODE_SIGN_STYLE = Automatic;
				CURRENT_PROJECT_VERSION = 1;
				DEVELOPMENT_ASSET_PATHS = "\"LoopCam/Preview Content\"";
				DEVELOPMENT_TEAM = 3XVAQ6DRC4;
				ENABLE_PREVIEWS = YES;
				GENERATE_INFOPLIST_FILE = YES;
				INFOPLIST_KEY_UIApplicationSceneManifest_Generation = YES;
				INFOPLIST_KEY_UIApplicationSupportsIndirectInputEvents = YES;
				INFOPLIST_KEY_UILaunchScreen_Generation = YES;
				INFOPLIST_KEY_UISupportedInterfaceOrientations = UIInterfaceOrientationPortrait;
				LD_RUNPATH_SEARCH_PATHS = (
					"$(inherited)",
					"@executable_path/Frameworks",
				);
				MARKETING_VERSION = 1.0;
				PRODUCT_BUNDLE_IDENTIFIER = io.doyoung.LoopCam;
				PRODUCT_NAME = "$(TARGET_NAME)";
				SWIFT_EMIT_LOC_STRINGS = YES;
				SWIFT_VERSION = 5.0;
				TARGETED_DEVICE_FAMILY = "1,2";
			};
			name = Debug;
		};
		7F6036062D6C40D3005125E9 /* Release */ = {
			isa = XCBuildConfiguration;
			buildSettings = {
				ASSETCATALOG_COMPILER_APPICON_NAME = AppIcon;
				ASSETCATALOG_COMPILER_GLOBAL_ACCENT_COLOR_NAME = AccentColor;
				CODE_SIGN_STYLE = Automatic;
				CURRENT_PROJECT_VERSION = 1;
				DEVELOPMENT_ASSET_PATHS = "\"LoopCam/Preview Content\"";
				DEVELOPMENT_TEAM = 3XVAQ6DRC4;
				ENABLE_PREVIEWS = YES;
				GENERATE_INFOPLIST_FILE = YES;
				INFOPLIST_KEY_UIApplicationSceneManifest_Generation = YES;
				INFOPLIST_KEY_UIApplicationSupportsIndirectInputEvents = YES;
				INFOPLIST_KEY_UILaunchScreen_Generation = YES;
				INFOPLIST_KEY_UISupportedInterfaceOrientations = UIInterfaceOrientationPortrait;
				LD_RUNPATH_SEARCH_PATHS = (
					"$(inherited)",
					"@executable_path/Frameworks",
				);
				MARKETING_VERSION = 1.0;
				PRODUCT_BUNDLE_IDENTIFIER = io.doyoung.LoopCam;
				PRODUCT_NAME = "$(TARGET_NAME)";
				SWIFT_EMIT_LOC_STRINGS = YES;
				SWIFT_VERSION = 5.0;
				TARGETED_DEVICE_FAMILY = "1,2";
			};
			name = Release;
		};
		7F6036082D6C40D3005125E9 /* Debug */ = {
			isa = XCBuildConfiguration;
			buildSettings = {
				BUNDLE_LOADER = "$(TEST_HOST)";
				CODE_SIGN_STYLE = Automatic;
				CURRENT_PROJECT_VERSION = 1;
				DEVELOPMENT_TEAM = 3XVAQ6DRC4;
				GENERATE_INFOPLIST_FILE = YES;
				IPHONEOS_DEPLOYMENT_TARGET = 18.2;
				MARKETING_VERSION = 1.0;
				PRODUCT_BUNDLE_IDENTIFIER = io.doyoung.LoopCamTests;
				PRODUCT_NAME = "$(TARGET_NAME)";
				SWIFT_EMIT_LOC_STRINGS = NO;
				SWIFT_VERSION = 5.0;
				TARGETED_DEVICE_FAMILY = "1,2";
				TEST_HOST = "$(BUILT_PRODUCTS_DIR)/LoopCam.app/$(BUNDLE_EXECUTABLE_FOLDER_PATH)/LoopCam";
			};
			name = Debug;
		};
		7F6036092D6C40D3005125E9 /* Release */ = {
			isa = XCBuildConfiguration;
			buildSettings = {
				BUNDLE_LOADER = "$(TEST_HOST)";
				CODE_SIGN_STYLE = Automatic;
				CURRENT_PROJECT_VERSION = 1;
				DEVELOPMENT_TEAM = 3XVAQ6DRC4;
				GENERATE_INFOPLIST_FILE = YES;
				IPHONEOS_DEPLOYMENT_TARGET = 18.2;
				MARKETING_VERSION = 1.0;
				PRODUCT_BUNDLE_IDENTIFIER = io.doyoung.LoopCamTests;
				PRODUCT_NAME = "$(TARGET_NAME)";
				SWIFT_EMIT_LOC_STRINGS = NO;
				SWIFT_VERSION = 5.0;
				TARGETED_DEVICE_FAMILY = "1,2";
				TEST_HOST = "$(BUILT_PRODUCTS_DIR)/LoopCam.app/$(BUNDLE_EXECUTABLE_FOLDER_PATH)/LoopCam";
			};
			name = Release;
		};
		7F60360B2D6C40D3005125E9 /* Debug */ = {
			isa = XCBuildConfiguration;
			buildSettings = {
				CODE_SIGN_STYLE = Automatic;
				CURRENT_PROJECT_VERSION = 1;
				DEVELOPMENT_TEAM = 3XVAQ6DRC4;
				GENERATE_INFOPLIST_FILE = YES;
				MARKETING_VERSION = 1.0;
				PRODUCT_BUNDLE_IDENTIFIER = io.doyoung.LoopCamUITests;
				PRODUCT_NAME = "$(TARGET_NAME)";
				SWIFT_EMIT_LOC_STRINGS = NO;
				SWIFT_VERSION = 5.0;
				TARGETED_DEVICE_FAMILY = "1,2";
				TEST_TARGET_NAME = LoopCam;
			};
			name = Debug;
		};
		7F60360C2D6C40D3005125E9 /* Release */ = {
			isa = XCBuildConfiguration;
			buildSettings = {
				CODE_SIGN_STYLE = Automatic;
				CURRENT_PROJECT_VERSION = 1;
				DEVELOPMENT_TEAM = 3XVAQ6DRC4;
				GENERATE_INFOPLIST_FILE = YES;
				MARKETING_VERSION = 1.0;
				PRODUCT_BUNDLE_IDENTIFIER = io.doyoung.LoopCamUITests;
				PRODUCT_NAME = "$(TARGET_NAME)";
				SWIFT_EMIT_LOC_STRINGS = NO;
				SWIFT_VERSION = 5.0;
				TARGETED_DEVICE_FAMILY = "1,2";
				TEST_TARGET_NAME = LoopCam;
			};
			name = Release;
		};
/* End XCBuildConfiguration section */

/* Begin XCConfigurationList section */
		7F6035DB2D6C40D2005125E9 /* Build configuration list for PBXProject "LoopCam" */ = {
			isa = XCConfigurationList;
			buildConfigurations = (
				7F6036022D6C40D3005125E9 /* Debug */,
				7F6036032D6C40D3005125E9 /* Release */,
			);
			defaultConfigurationIsVisible = 0;
			defaultConfigurationName = Release;
		};
		7F6036042D6C40D3005125E9 /* Build configuration list for PBXNativeTarget "LoopCam" */ = {
			isa = XCConfigurationList;
			buildConfigurations = (
				7F6036052D6C40D3005125E9 /* Debug */,
				7F6036062D6C40D3005125E9 /* Release */,
			);
			defaultConfigurationIsVisible = 0;
			defaultConfigurationName = Release;
		};
		7F6036072D6C40D3005125E9 /* Build configuration list for PBXNativeTarget "LoopCamTests" */ = {
			isa = XCConfigurationList;
			buildConfigurations = (
				7F6036082D6C40D3005125E9 /* Debug */,
				7F6036092D6C40D3005125E9 /* Release */,
			);
			defaultConfigurationIsVisible = 0;
			defaultConfigurationName = Release;
		};
		7F60360A2D6C40D3005125E9 /* Build configuration list for PBXNativeTarget "LoopCamUITests" */ = {
			isa = XCConfigurationList;
			buildConfigurations = (
				7F60360B2D6C40D3005125E9 /* Debug */,
				7F60360C2D6C40D3005125E9 /* Release */,
			);
			defaultConfigurationIsVisible = 0;
			defaultConfigurationName = Release;
		};
/* End XCConfigurationList section */
	};
	rootObject = 7F6035D82D6C40D2005125E9 /* Project object */;
}
